
Microsoft Visual Studio Solution File, Format Version 12.00
# Visual Studio Version 17
VisualStudioVersion = 17.2.32616.157
MinimumVisualStudioVersion = 10.0.40219.1
Project("{FAE04EC0-301F-11D3-BF4B-00C04F79EFBC}") = "DodgeGame", "DodgeGame\DodgeGame.csproj", "{0521B4E5-A395-4524-83AD-C3043C086448}"
EndProject
Global
	GlobalSection(SolutionConfigurationPlatforms) = preSolution
		Debug|ARM = Debug|ARM
		Debug|ARM64 = Debug|ARM64
		Debug|x64 = Debug|x64
		Debug|x86 = Debug|x86
		Release|ARM = Release|ARM
		Release|ARM64 = Release|ARM64
		Release|x64 = Release|x64
		Release|x86 = Release|x86
	EndGlobalSection
	GlobalSection(ProjectConfigurationPlatforms) = postSolution
		{0521B4E5-A395-4524-83AD-C3043C086448}.Debug|ARM.ActiveCfg = Debug|ARM
		{0521B4E5-A395-4524-83AD-C3043C086448}.Debug|ARM.Build.0 = Debug|ARM
		{0521B4E5-A395-4524-83AD-C3043C086448}.Debug|ARM.Deploy.0 = Debug|ARM
		{0521B4E5-A395-4524-83AD-C3043C086448}.Debug|ARM64.ActiveCfg = Debug|ARM64
		{0521B4E5-A395-4524-83AD-C3043C086448}.Debug|ARM64.Build.0 = Debug|ARM64
		{0521B4E5-A395-4524-83AD-C3043C086448}.Debug|ARM64.Deploy.0 = Debug|ARM64
		{0521B4E5-A395-4524-83AD-C3043C086448}.Debug|x64.ActiveCfg = Debug|x64
		{0521B4E5-A395-4524-83AD-C3043C086448}.Debug|x64.Build.0 = Debug|x64
		{0521B4E5-A395-4524-83AD-C3043C086448}.Debug|x64.Deploy.0 = Debug|x64
		{0521B4E5-A395-4524-83AD-C3043C086448}.Debug|x86.ActiveCfg = Debug|x86
		{0521B4E5-A395-4524-83AD-C3043C086448}.Debug|x86.Build.0 = Debug|x86
		{0521B4E5-A395-4524-83AD-C3043C086448}.Debug|x86.Deploy.0 = Debug|x86
		{0521B4E5-A395-4524-83AD-C3043C086448}.Release|ARM.ActiveCfg = Release|ARM
		{0521B4E5-A395-4524-83AD-C3043C086448}.Release|ARM.Build.0 = Release|ARM
		{0521B4E5-A395-4524-83AD-C3043C086448}.Release|ARM.Deploy.0 = Release|ARM
		{0521B4E5-A395-4524-83AD-C3043C086448}.Release|ARM64.ActiveCfg = Release|ARM64
		{0521B4E5-A395-4524-83AD-C3043C086448}.Release|ARM64.Build.0 = Release|ARM64
		{0521B4E5-A395-4524-83AD-C3043C086448}.Release|ARM64.Deploy.0 = Release|ARM64
		{0521B4E5-A395-4524-83AD-C3043C086448}.Release|x64.ActiveCfg = Release|x64
		{0521B4E5-A395-4524-83AD-C3043C086448}.Release|x64.Build.0 = Release|x64
		{0521B4E5-A395-4524-83AD-C3043C086448}.Release|x64.Deploy.0 = Release|x64
		{0521B4E5-A395-4524-83AD-C3043C086448}.Release|x86.ActiveCfg = Release|x86
		{0521B4E5-A395-4524-83AD-C3043C086448}.Release|x86.Build.0 = Release|x86
		{0521B4E5-A395-4524-83AD-C3043C086448}.Release|x86.Deploy.0 = Release|x86
	EndGlobalSection
	GlobalSection(SolutionProperties) = preSolution
		HideSolutionNode = FALSE
	EndGlobalSection
	GlobalSection(ExtensibilityGlobals) = postSolution
		SolutionGuid = {DCCA67E2-4CA7-443C-8B05-269075D856A1}
	EndGlobalSection
EndGlobal
